
Microsoft Visual Studio Solution File, Format Version 12.00
# Visual Studio Version 17
VisualStudioVersion = 17.4.33110.190
MinimumVisualStudioVersion = 10.0.40219.1
Project("{9A19103F-16F7-4668-BE54-9A1E7A4F7556}") = "btc.usd.core", "btc.usd.core.csproj", "{2F5A9380-D3CB-4998-AFF1-2D542967701E}"
EndProject
Project("{2150E333-8FDC-42A3-9474-1A3956D46DE8}") = "Infastructure", "Infastructure", "{B88E7039-31CA-4EEF-B42F-5F3C39C116F3}"
EndProject
Project("{2150E333-8FDC-42A3-9474-1A3956D46DE8}") = "Domain", "Domain", "{9F2720A9-4027-492E-952F-60AA8FA321B6}"
EndProject
Project("{9A19103F-16F7-4668-BE54-9A1E7A4F7556}") = "Infastructure.Data", "..\Infastructure.Data\Infastructure.Data.csproj", "{02114856-7FDD-4757-9A6C-E90A8C17C9CF}"
EndProject
Project("{9A19103F-16F7-4668-BE54-9A1E7A4F7556}") = "Core.App", "..\Core.App\Core.App.csproj", "{875B8090-E461-4867-B4CC-FC1D90A9E35F}"
EndProject
Project("{2150E333-8FDC-42A3-9474-1A3956D46DE8}") = "Tests", "Tests", "{DB6406A7-0F5A-4EEA-8032-42653030B890}"
EndProject
Project("{2150E333-8FDC-42A3-9474-1A3956D46DE8}") = "Solution Items", "Solution Items", "{82FB507D-79F2-4E65-8677-F845681B69CE}"
	ProjectSection(SolutionItems) = preProject
		.editorconfig = .editorconfig
	EndProjectSection
EndProject
Project("{9A19103F-16F7-4668-BE54-9A1E7A4F7556}") = "Domain", "..\Domain\Domain.csproj", "{D23F1BFC-E824-449D-B601-A10C4FD57219}"
EndProject
Project("{9A19103F-16F7-4668-BE54-9A1E7A4F7556}") = "Infastructure.Rest", "..\Infastructure.Rest\Infastructure.Rest.csproj", "{0369C238-740D-49FA-B17C-3A86275F39D9}"
EndProject
Project("{9A19103F-16F7-4668-BE54-9A1E7A4F7556}") = "Infastructure.Repositories", "..\Infastructure.Repositories\Infastructure.Repositories.csproj", "{D46E007D-7D51-49FB-8C18-807AFDBEFAC6}"
EndProject
Project("{E53339B2-1760-4266-BCC7-CA923CBCF16C}") = "docker-compose", "docker-compose.dcproj", "{9785EDB1-E025-45AB-AB00-0F6F5B9FC5F6}"
EndProject
Project("{2150E333-8FDC-42A3-9474-1A3956D46DE8}") = "Application", "Application", "{C3B3924F-E377-4ACE-8D81-3A7B317163FF}"
EndProject
Project("{FAE04EC0-301F-11D3-BF4B-00C04F79EFBC}") = "FunctionalTests", "..\FunctionalTests\FunctionalTests.csproj", "{1DBDDFF3-E0F6-4EA7-9051-7A380AD8CFC0}"
EndProject
Project("{FAE04EC0-301F-11D3-BF4B-00C04F79EFBC}") = "IntegrationTests", "..\IntegrationTests\IntegrationTests.csproj", "{CD824858-7290-4C02-B53D-6410BEEB0863}"
EndProject
Global
	GlobalSection(SolutionConfigurationPlatforms) = preSolution
		Debug|Any CPU = Debug|Any CPU
		Release|Any CPU = Release|Any CPU
	EndGlobalSection
	GlobalSection(ProjectConfigurationPlatforms) = postSolution
		{2F5A9380-D3CB-4998-AFF1-2D542967701E}.Debug|Any CPU.ActiveCfg = Debug|Any CPU
		{2F5A9380-D3CB-4998-AFF1-2D542967701E}.Debug|Any CPU.Build.0 = Debug|Any CPU
		{2F5A9380-D3CB-4998-AFF1-2D542967701E}.Release|Any CPU.ActiveCfg = Release|Any CPU
		{2F5A9380-D3CB-4998-AFF1-2D542967701E}.Release|Any CPU.Build.0 = Release|Any CPU
		{02114856-7FDD-4757-9A6C-E90A8C17C9CF}.Debug|Any CPU.ActiveCfg = Debug|Any CPU
		{02114856-7FDD-4757-9A6C-E90A8C17C9CF}.Debug|Any CPU.Build.0 = Debug|Any CPU
		{02114856-7FDD-4757-9A6C-E90A8C17C9CF}.Release|Any CPU.ActiveCfg = Release|Any CPU
		{02114856-7FDD-4757-9A6C-E90A8C17C9CF}.Release|Any CPU.Build.0 = Release|Any CPU
		{875B8090-E461-4867-B4CC-FC1D90A9E35F}.Debug|Any CPU.ActiveCfg = Debug|Any CPU
		{875B8090-E461-4867-B4CC-FC1D90A9E35F}.Debug|Any CPU.Build.0 = Debug|Any CPU
		{875B8090-E461-4867-B4CC-FC1D90A9E35F}.Release|Any CPU.ActiveCfg = Release|Any CPU
		{875B8090-E461-4867-B4CC-FC1D90A9E35F}.Release|Any CPU.Build.0 = Release|Any CPU
		{D23F1BFC-E824-449D-B601-A10C4FD57219}.Debug|Any CPU.ActiveCfg = Debug|Any CPU
		{D23F1BFC-E824-449D-B601-A10C4FD57219}.Debug|Any CPU.Build.0 = Debug|Any CPU
		{D23F1BFC-E824-449D-B601-A10C4FD57219}.Release|Any CPU.ActiveCfg = Release|Any CPU
		{D23F1BFC-E824-449D-B601-A10C4FD57219}.Release|Any CPU.Build.0 = Release|Any CPU
		{0369C238-740D-49FA-B17C-3A86275F39D9}.Debug|Any CPU.ActiveCfg = Debug|Any CPU
		{0369C238-740D-49FA-B17C-3A86275F39D9}.Debug|Any CPU.Build.0 = Debug|Any CPU
		{0369C238-740D-49FA-B17C-3A86275F39D9}.Release|Any CPU.ActiveCfg = Release|Any CPU
		{0369C238-740D-49FA-B17C-3A86275F39D9}.Release|Any CPU.Build.0 = Release|Any CPU
		{D46E007D-7D51-49FB-8C18-807AFDBEFAC6}.Debug|Any CPU.ActiveCfg = Debug|Any CPU
		{D46E007D-7D51-49FB-8C18-807AFDBEFAC6}.Debug|Any CPU.Build.0 = Debug|Any CPU
		{D46E007D-7D51-49FB-8C18-807AFDBEFAC6}.Release|Any CPU.ActiveCfg = Release|Any CPU
		{D46E007D-7D51-49FB-8C18-807AFDBEFAC6}.Release|Any CPU.Build.0 = Release|Any CPU
		{9785EDB1-E025-45AB-AB00-0F6F5B9FC5F6}.Debug|Any CPU.ActiveCfg = Debug|Any CPU
		{9785EDB1-E025-45AB-AB00-0F6F5B9FC5F6}.Debug|Any CPU.Build.0 = Debug|Any CPU
		{9785EDB1-E025-45AB-AB00-0F6F5B9FC5F6}.Release|Any CPU.ActiveCfg = Release|Any CPU
		{9785EDB1-E025-45AB-AB00-0F6F5B9FC5F6}.Release|Any CPU.Build.0 = Release|Any CPU
		{1DBDDFF3-E0F6-4EA7-9051-7A380AD8CFC0}.Debug|Any CPU.ActiveCfg = Debug|Any CPU
		{1DBDDFF3-E0F6-4EA7-9051-7A380AD8CFC0}.Debug|Any CPU.Build.0 = Debug|Any CPU
		{1DBDDFF3-E0F6-4EA7-9051-7A380AD8CFC0}.Release|Any CPU.ActiveCfg = Release|Any CPU
		{1DBDDFF3-E0F6-4EA7-9051-7A380AD8CFC0}.Release|Any CPU.Build.0 = Release|Any CPU
		{CD824858-7290-4C02-B53D-6410BEEB0863}.Debug|Any CPU.ActiveCfg = Debug|Any CPU
		{CD824858-7290-4C02-B53D-6410BEEB0863}.Debug|Any CPU.Build.0 = Debug|Any CPU
		{CD824858-7290-4C02-B53D-6410BEEB0863}.Release|Any CPU.ActiveCfg = Release|Any CPU
		{CD824858-7290-4C02-B53D-6410BEEB0863}.Release|Any CPU.Build.0 = Release|Any CPU
	EndGlobalSection
	GlobalSection(SolutionProperties) = preSolution
		HideSolutionNode = FALSE
	EndGlobalSection
	GlobalSection(NestedProjects) = preSolution
		{02114856-7FDD-4757-9A6C-E90A8C17C9CF} = {B88E7039-31CA-4EEF-B42F-5F3C39C116F3}
		{875B8090-E461-4867-B4CC-FC1D90A9E35F} = {C3B3924F-E377-4ACE-8D81-3A7B317163FF}
		{D23F1BFC-E824-449D-B601-A10C4FD57219} = {9F2720A9-4027-492E-952F-60AA8FA321B6}
		{0369C238-740D-49FA-B17C-3A86275F39D9} = {B88E7039-31CA-4EEF-B42F-5F3C39C116F3}
		{D46E007D-7D51-49FB-8C18-807AFDBEFAC6} = {B88E7039-31CA-4EEF-B42F-5F3C39C116F3}
		{1DBDDFF3-E0F6-4EA7-9051-7A380AD8CFC0} = {DB6406A7-0F5A-4EEA-8032-42653030B890}
		{CD824858-7290-4C02-B53D-6410BEEB0863} = {DB6406A7-0F5A-4EEA-8032-42653030B890}
	EndGlobalSection
	GlobalSection(ExtensibilityGlobals) = postSolution
		SolutionGuid = {88BA7D99-190F-4CF1-A25C-BECFF3708907}
	EndGlobalSection
EndGlobal
